
Microsoft Visual Studio Solution File, Format Version 12.00
# Visual Studio Version 17
VisualStudioVersion = 17.8.34330.188
MinimumVisualStudioVersion = 10.0.40219.1
Project("{FAE04EC0-301F-11D3-BF4B-00C04F79EFBC}") = "CodePulse.API", "CodePulse.API\CodePulse.API.csproj", "{5DC3319D-93BB-4294-8BD1-7F44BF96A349}"
EndProject
Global
	GlobalSection(SolutionConfigurationPlatforms) = preSolution
		Debug|Any CPU = Debug|Any CPU
		Release|Any CPU = Release|Any CPU
	EndGlobalSection
	GlobalSection(ProjectConfigurationPlatforms) = postSolution
		{5DC3319D-93BB-4294-8BD1-7F44BF96A349}.Debug|Any CPU.ActiveCfg = Debug|Any CPU
		{5DC3319D-93BB-4294-8BD1-7F44BF96A349}.Debug|Any CPU.Build.0 = Debug|Any CPU
		{5DC3319D-93BB-4294-8BD1-7F44BF96A349}.Release|Any CPU.ActiveCfg = Release|Any CPU
		{5DC3319D-93BB-4294-8BD1-7F44BF96A349}.Release|Any CPU.Build.0 = Release|Any CPU
	EndGlobalSection
	GlobalSection(SolutionProperties) = preSolution
		HideSolutionNode = FALSE
	EndGlobalSection
	GlobalSection(ExtensibilityGlobals) = postSolution
		SolutionGuid = {16F79B0E-76DE-44D9-B76C-7BD5C7539C77}
	EndGlobalSection
EndGlobal
